
Microsoft Visual Studio Solution File, Format Version 12.00
# Visual Studio Version 17
VisualStudioVersion = 17.0.31912.275
MinimumVisualStudioVersion = 10.0.40219.1
Project("{9A19103F-16F7-4668-BE54-9A1E7A4F7556}") = "ClockApp", "ClockApp.csproj", "{9C73A024-3655-40C9-BCBA-79AD3906ECE7}"
EndProject
Project("{FAE04EC0-301F-11D3-BF4B-00C04F79EFBC}") = "Clockutils", "..\Clockutils\Clockutils.csproj", "{83D0CF99-DBE7-4F97-B260-9769C685C767}"
EndProject
Global
	GlobalSection(SolutionConfigurationPlatforms) = preSolution
		Debug|Any CPU = Debug|Any CPU
		Release|Any CPU = Release|Any CPU
	EndGlobalSection
	GlobalSection(ProjectConfigurationPlatforms) = postSolution
		{9C73A024-3655-40C9-BCBA-79AD3906ECE7}.Debug|Any CPU.ActiveCfg = Debug|Any CPU
		{9C73A024-3655-40C9-BCBA-79AD3906ECE7}.Debug|Any CPU.Build.0 = Debug|Any CPU
		{9C73A024-3655-40C9-BCBA-79AD3906ECE7}.Release|Any CPU.ActiveCfg = Release|Any CPU
		{9C73A024-3655-40C9-BCBA-79AD3906ECE7}.Release|Any CPU.Build.0 = Release|Any CPU
		{83D0CF99-DBE7-4F97-B260-9769C685C767}.Debug|Any CPU.ActiveCfg = Debug|Any CPU
		{83D0CF99-DBE7-4F97-B260-9769C685C767}.Debug|Any CPU.Build.0 = Debug|Any CPU
		{83D0CF99-DBE7-4F97-B260-9769C685C767}.Release|Any CPU.ActiveCfg = Release|Any CPU
		{83D0CF99-DBE7-4F97-B260-9769C685C767}.Release|Any CPU.Build.0 = Release|Any CPU
	EndGlobalSection
	GlobalSection(SolutionProperties) = preSolution
		HideSolutionNode = FALSE
	EndGlobalSection
	GlobalSection(ExtensibilityGlobals) = postSolution
		SolutionGuid = {37CDD1DA-E7BF-4423-A3F9-F5743D6AC0C4}
	EndGlobalSection
EndGlobal
